
Microsoft Visual Studio Solution File, Format Version 12.00
# Visual Studio Version 17
VisualStudioVersion = 17.0.31903.59
MinimumVisualStudioVersion = 10.0.40219.1
Project("{2150E333-8FDC-42A3-9474-1A3956D46DE8}") = "src", "src", "{A91DB4E4-0932-4263-9862-03211D20E21D}"
EndProject
Project("{FAE04EC0-301F-11D3-BF4B-00C04F79EFBC}") = "SharedUtils", "src\SharedUtils\SharedUtils.csproj", "{126E846E-BD93-4174-901B-EBDB8A9902AC}"
EndProject
Project("{FAE04EC0-301F-11D3-BF4B-00C04F79EFBC}") = "Ex01_SayingHello", "src\Ex01_SayingHello\Ex01_SayingHello.csproj", "{93DB788C-FA0C-452B-829F-DA652B4AA699}"
EndProject
Project("{FAE04EC0-301F-11D3-BF4B-00C04F79EFBC}") = "Ex02_CountingCharacters", "src\Ex02_CountingCharacters\Ex02_CountingCharacters.csproj", "{18C47B9D-5443-4D6E-8CAD-2F3855F172C1}"
EndProject
Project("{FAE04EC0-301F-11D3-BF4B-00C04F79EFBC}") = "Ex03_PrintingQuotes", "src\Ex03_PrintingQuotes\Ex03_PrintingQuotes.csproj", "{F8284EF5-E46F-475B-9249-DB4463A37E22}"
EndProject
Project("{FAE04EC0-301F-11D3-BF4B-00C04F79EFBC}") = "Ex04_MadLib", "src\Ex04_MadLib\Ex04_MadLib.csproj", "{8D410F57-5141-4538-9E95-FE4642F85404}"
EndProject
Project("{FAE04EC0-301F-11D3-BF4B-00C04F79EFBC}") = "Ex05_SimpleMath", "src\Ex05_SimpleMath\Ex05_SimpleMath.csproj", "{8AB5D043-1E37-466E-9288-0B260EDF47A8}"
EndProject
Project("{FAE04EC0-301F-11D3-BF4B-00C04F79EFBC}") = "Ex06_RetirementCalculator", "src\Ex06_RetirementCalculator\Ex06_RetirementCalculator.csproj", "{B3E3FE78-58D2-4B1B-98B8-8554E059D1C0}"
EndProject
Project("{FAE04EC0-301F-11D3-BF4B-00C04F79EFBC}") = "Ex07_AreaOfARectangularRoom", "src\Ex07_AreaOfARectangularRoom\Ex07_AreaOfARectangularRoom.csproj", "{4F7D3303-07CF-4D49-B6BD-73974E2536E2}"
EndProject
Project("{FAE04EC0-301F-11D3-BF4B-00C04F79EFBC}") = "Ex08_PizzaParty", "src\Ex08_PizzaParty\Ex08_PizzaParty.csproj", "{01ADE438-BABE-4DF8-92BC-32CE343102F6}"
EndProject
Project("{FAE04EC0-301F-11D3-BF4B-00C04F79EFBC}") = "Ex09_PaintCalculator", "src\Ex09_PaintCalculator\Ex09_PaintCalculator.csproj", "{3C73E688-3CBA-4758-834F-EAAA25FB7757}"
EndProject
Project("{FAE04EC0-301F-11D3-BF4B-00C04F79EFBC}") = "Ex10_SelfCheckout", "src\Ex10_SelfCheckout\Ex10_SelfCheckout.csproj", "{23724D34-F8A2-4AF5-8883-F177D9DF4A63}"
EndProject
Project("{FAE04EC0-301F-11D3-BF4B-00C04F79EFBC}") = "Ex11_CurrencyConversion", "src\Ex11_CurrencyConversion\Ex11_CurrencyConversion.csproj", "{53881DA2-843C-4E5E-B19D-2F779D35191F}"
EndProject
Project("{FAE04EC0-301F-11D3-BF4B-00C04F79EFBC}") = "Ex12_ComputingSimpleInterest", "src\Ex12_ComputingSimpleInterest\Ex12_ComputingSimpleInterest.csproj", "{666B4DFB-3DDE-490A-B8E6-C6A67D2E5925}"
EndProject
Project("{FAE04EC0-301F-11D3-BF4B-00C04F79EFBC}") = "Ex13_DeterminingCompoundInterest", "src\Ex13_DeterminingCompoundInterest\Ex13_DeterminingCompoundInterest.csproj", "{162987A2-3DED-4B3C-A216-8D763470567F}"
EndProject
Project("{FAE04EC0-301F-11D3-BF4B-00C04F79EFBC}") = "Ex14_TaxCalculator", "src\Ex14_TaxCalculator\Ex14_TaxCalculator.csproj", "{824830F9-3DC0-4331-AD10-83481512960D}"
EndProject
Project("{FAE04EC0-301F-11D3-BF4B-00C04F79EFBC}") = "Ex15_PasswordValidation", "src\Ex15_PasswordValidation\Ex15_PasswordValidation.csproj", "{27AF22BF-DCE4-4894-B050-05D035C3B736}"
EndProject
Project("{FAE04EC0-301F-11D3-BF4B-00C04F79EFBC}") = "Ex16_LegalDrivingAge", "src\Ex16_LegalDrivingAge\Ex16_LegalDrivingAge.csproj", "{F02AD33C-586A-424F-8946-C2A2C09E9619}"
EndProject
Project("{FAE04EC0-301F-11D3-BF4B-00C04F79EFBC}") = "Ex17_BloodAlcoholCalculator", "src\Ex17_BloodAlcoholCalculator\Ex17_BloodAlcoholCalculator.csproj", "{12F4549E-D518-4108-94F8-F1958DF1DBD0}"
EndProject
Project("{FAE04EC0-301F-11D3-BF4B-00C04F79EFBC}") = "Ex18_TemperatureConverter", "src\Ex18_TemperatureConverter\Ex18_TemperatureConverter.csproj", "{E85DF15E-BEEB-4126-80CF-5D9F67F60CF6}"
EndProject
Project("{FAE04EC0-301F-11D3-BF4B-00C04F79EFBC}") = "Ex19_BMICalculator", "src\Ex19_BMICalculator\Ex19_BMICalculator.csproj", "{0149A431-08DB-479F-9DFA-FEDC7AB8F77D}"
EndProject
Project("{FAE04EC0-301F-11D3-BF4B-00C04F79EFBC}") = "Ex20_MultistateSalesTaxCalculator", "src\Ex20_MultistateSalesTaxCalculator\Ex20_MultistateSalesTaxCalculator.csproj", "{C4926EC9-B8AE-437B-AAD0-CA4A0A39BB38}"
EndProject
Project("{FAE04EC0-301F-11D3-BF4B-00C04F79EFBC}") = "Ex21_NumbersToNames", "src\Ex21_NumbersToNames\Ex21_NumbersToNames.csproj", "{0A6640FC-7BF3-417C-8EBE-7F96683F0DA9}"
EndProject
Project("{FAE04EC0-301F-11D3-BF4B-00C04F79EFBC}") = "Ex22_ComparingNumbers", "src\Ex22_ComparingNumbers\Ex22_ComparingNumbers.csproj", "{7DCBE8D1-31E9-473D-889B-ED911A3FAA1B}"
EndProject
Project("{FAE04EC0-301F-11D3-BF4B-00C04F79EFBC}") = "Ex23_TroubleshootingCarIssues", "src\Ex23_TroubleshootingCarIssues\Ex23_TroubleshootingCarIssues.csproj", "{3BB28B53-6E27-4CDF-9C38-8289A1BC1E7B}"
EndProject
Project("{FAE04EC0-301F-11D3-BF4B-00C04F79EFBC}") = "Ex24_AnagramChecker", "src\Ex24_AnagramChecker\Ex24_AnagramChecker.csproj", "{9F2E4CCC-2FCC-42F4-A216-7ABACABDED85}"
EndProject
Project("{FAE04EC0-301F-11D3-BF4B-00C04F79EFBC}") = "Ex25_PasswordStrengthIndicator", "src\Ex25_PasswordStrengthIndicator\Ex25_PasswordStrengthIndicator.csproj", "{E778682E-F796-4F86-90BB-89ABF91A2387}"
EndProject
Project("{FAE04EC0-301F-11D3-BF4B-00C04F79EFBC}") = "Ex26_MonthsToPayOffCreditCard", "src\Ex26_MonthsToPayOffCreditCard\Ex26_MonthsToPayOffCreditCard.csproj", "{25B59C00-54B6-4D55-9454-CBDAE081C93F}"
EndProject
Project("{FAE04EC0-301F-11D3-BF4B-00C04F79EFBC}") = "Ex27_ValidatingInputs", "src\Ex27_ValidatingInputs\Ex27_ValidatingInputs.csproj", "{55C62BCC-785A-42F6-A5E9-7E33378DF824}"
EndProject
Project("{FAE04EC0-301F-11D3-BF4B-00C04F79EFBC}") = "Ex28_AddingNumbers", "src\Ex28_AddingNumbers\Ex28_AddingNumbers.csproj", "{CF6197D1-5D94-4952-84C7-F5BA4C2134DA}"
EndProject
Project("{FAE04EC0-301F-11D3-BF4B-00C04F79EFBC}") = "Ex29_HandlingBadInput", "src\Ex29_HandlingBadInput\Ex29_HandlingBadInput.csproj", "{86AF3EAB-01D1-4DE0-9A40-F1E67B2A91EC}"
EndProject
Project("{FAE04EC0-301F-11D3-BF4B-00C04F79EFBC}") = "Ex30_MultiplicationTable", "src\Ex30_MultiplicationTable\Ex30_MultiplicationTable.csproj", "{84BD07A5-54E9-4A9F-B0D9-99A4213D23E2}"
EndProject
Project("{FAE04EC0-301F-11D3-BF4B-00C04F79EFBC}") = "Ex31_KarvonenHeartRate", "src\Ex31_KarvonenHeartRate\Ex31_KarvonenHeartRate.csproj", "{2D26C091-27CC-43EF-872E-22573968E437}"
EndProject
Project("{FAE04EC0-301F-11D3-BF4B-00C04F79EFBC}") = "Ex32_GuessTheNumberGame", "src\Ex32_GuessTheNumberGame\Ex32_GuessTheNumberGame.csproj", "{C6890FDA-CB76-4BE7-9107-A83EFB2AD8FC}"
EndProject
Project("{FAE04EC0-301F-11D3-BF4B-00C04F79EFBC}") = "Ex33_Magic8Ball", "src\Ex33_Magic8Ball\Ex33_Magic8Ball.csproj", "{DDE97854-0002-42AB-A7C4-F011BEBB1519}"
EndProject
Project("{FAE04EC0-301F-11D3-BF4B-00C04F79EFBC}") = "Ex34_EmployeeListRemoval", "src\Ex34_EmployeeListRemoval\Ex34_EmployeeListRemoval.csproj", "{5C253661-B81D-4CC1-87D0-06DBB075710C}"
EndProject
Project("{FAE04EC0-301F-11D3-BF4B-00C04F79EFBC}") = "Ex35_PickingAWinner", "src\Ex35_PickingAWinner\Ex35_PickingAWinner.csproj", "{C7010208-3BE8-45BD-BBF4-361209946D2B}"
EndProject
Project("{FAE04EC0-301F-11D3-BF4B-00C04F79EFBC}") = "Ex36_ComputingStatistics", "src\Ex36_ComputingStatistics\Ex36_ComputingStatistics.csproj", "{1AB1F011-C9F6-4FF7-BC0F-80C250F40880}"
EndProject
Project("{FAE04EC0-301F-11D3-BF4B-00C04F79EFBC}") = "Ex37_PasswordGenerator", "src\Ex37_PasswordGenerator\Ex37_PasswordGenerator.csproj", "{1E340347-1824-4CC5-A660-657B7267CE12}"
EndProject
Project("{FAE04EC0-301F-11D3-BF4B-00C04F79EFBC}") = "Ex38_FilteringValues", "src\Ex38_FilteringValues\Ex38_FilteringValues.csproj", "{C61C8D81-8B05-4948-B062-13D82EB12AFA}"
EndProject
Project("{FAE04EC0-301F-11D3-BF4B-00C04F79EFBC}") = "Ex39_SortingRecords", "src\Ex39_SortingRecords\Ex39_SortingRecords.csproj", "{0785814D-C52F-45A7-944D-9D612BDDFEE4}"
EndProject
Project("{FAE04EC0-301F-11D3-BF4B-00C04F79EFBC}") = "Ex40_FilteringRecords", "src\Ex40_FilteringRecords\Ex40_FilteringRecords.csproj", "{80A84745-5E2D-4EE8-A185-504A836129AE}"
EndProject
Project("{FAE04EC0-301F-11D3-BF4B-00C04F79EFBC}") = "Ex41_NameSorter", "src\Ex41_NameSorter\Ex41_NameSorter.csproj", "{2A05199C-9FDC-480D-9858-5DB8EAE61EAF}"
EndProject
Project("{FAE04EC0-301F-11D3-BF4B-00C04F79EFBC}") = "Ex42_ParsingADataFile", "src\Ex42_ParsingADataFile\Ex42_ParsingADataFile.csproj", "{966DDE7C-F93B-425C-83AD-4236CB64AE92}"
EndProject
Project("{FAE04EC0-301F-11D3-BF4B-00C04F79EFBC}") = "Ex43_WebsiteGenerator", "src\Ex43_WebsiteGenerator\Ex43_WebsiteGenerator.csproj", "{9069DCF2-E60A-450D-9F39-6DF27F1B3502}"
EndProject
Project("{FAE04EC0-301F-11D3-BF4B-00C04F79EFBC}") = "Ex44_ProductSearch", "src\Ex44_ProductSearch\Ex44_ProductSearch.csproj", "{6BEEDA55-9069-454E-8C5B-31D62D6710E3}"
EndProject
Project("{FAE04EC0-301F-11D3-BF4B-00C04F79EFBC}") = "Ex45_WordFinder", "src\Ex45_WordFinder\Ex45_WordFinder.csproj", "{1CFA34BE-C174-46BE-9DDC-DA91A1918C07}"
EndProject
Project("{FAE04EC0-301F-11D3-BF4B-00C04F79EFBC}") = "Ex46_WordFrequencyFinder", "src\Ex46_WordFrequencyFinder\Ex46_WordFrequencyFinder.csproj", "{8CEDE688-CEF4-4242-8C17-A125DD5A2C77}"
EndProject
Project("{FAE04EC0-301F-11D3-BF4B-00C04F79EFBC}") = "Ex47_WhosInSpace", "src\Ex47_WhosInSpace\Ex47_WhosInSpace.csproj", "{D20A43EB-E2BD-482B-BC1E-9A61B9B514C8}"
EndProject
Project("{FAE04EC0-301F-11D3-BF4B-00C04F79EFBC}") = "Ex48_GrabbingTheWeather", "src\Ex48_GrabbingTheWeather\Ex48_GrabbingTheWeather.csproj", "{A067E48D-B2D3-4AF9-993E-9895A38BB115}"
EndProject
Project("{FAE04EC0-301F-11D3-BF4B-00C04F79EFBC}") = "Ex49_FlickrPhotoSearch", "src\Ex49_FlickrPhotoSearch\Ex49_FlickrPhotoSearch.csproj", "{A939EB46-7DBD-49A4-AF92-B17924BDFAAD}"
EndProject
Project("{FAE04EC0-301F-11D3-BF4B-00C04F79EFBC}") = "Ex50_MovieRecommendations", "src\Ex50_MovieRecommendations\Ex50_MovieRecommendations.csproj", "{15442EE1-E50F-42F7-8DC4-4D8D0F6D1BFB}"
EndProject
Project("{FAE04EC0-301F-11D3-BF4B-00C04F79EFBC}") = "Ex51_PushingNotesToFirebase", "src\Ex51_PushingNotesToFirebase\Ex51_PushingNotesToFirebase.csproj", "{0083B128-7263-41BB-B22B-310157FDA2D9}"
EndProject
Project("{FAE04EC0-301F-11D3-BF4B-00C04F79EFBC}") = "Ex52_CreatingYourOwnTimeService", "src\Ex52_CreatingYourOwnTimeService\Ex52_CreatingYourOwnTimeService.csproj", "{63D0828B-29EE-4E4E-9BA7-6CDA376AE56A}"
EndProject
Project("{FAE04EC0-301F-11D3-BF4B-00C04F79EFBC}") = "Ex53_TodoList", "src\Ex53_TodoList\Ex53_TodoList.csproj", "{F5D7B369-74CD-4C68-BB7B-150CE7E76CA6}"
EndProject
Project("{FAE04EC0-301F-11D3-BF4B-00C04F79EFBC}") = "Ex54_URLShortener", "src\Ex54_URLShortener\Ex54_URLShortener.csproj", "{CB55A7FC-3D72-4112-BB59-6B5DE699C534}"
EndProject
Project("{FAE04EC0-301F-11D3-BF4B-00C04F79EFBC}") = "Ex55_TextSharing", "src\Ex55_TextSharing\Ex55_TextSharing.csproj", "{CABD5E82-D351-4551-9451-54EABD79F225}"
EndProject
Project("{FAE04EC0-301F-11D3-BF4B-00C04F79EFBC}") = "Ex56_TrackingInventory", "src\Ex56_TrackingInventory\Ex56_TrackingInventory.csproj", "{6514E1CA-2C20-4E9E-BDBE-D8B1B2BF9FA5}"
EndProject
Project("{FAE04EC0-301F-11D3-BF4B-00C04F79EFBC}") = "Ex57_TriviaApp", "src\Ex57_TriviaApp\Ex57_TriviaApp.csproj", "{235B5FFF-0C96-401E-BB46-E41B358291C6}"
EndProject
Global
	GlobalSection(SolutionConfigurationPlatforms) = preSolution
		Debug|Any CPU = Debug|Any CPU
		Release|Any CPU = Release|Any CPU
	EndGlobalSection
	GlobalSection(SolutionProperties) = preSolution
		HideSolutionNode = FALSE
	EndGlobalSection
	GlobalSection(ProjectConfigurationPlatforms) = postSolution
		{126E846E-BD93-4174-901B-EBDB8A9902AC}.Debug|Any CPU.ActiveCfg = Debug|Any CPU
		{126E846E-BD93-4174-901B-EBDB8A9902AC}.Debug|Any CPU.Build.0 = Debug|Any CPU
		{126E846E-BD93-4174-901B-EBDB8A9902AC}.Release|Any CPU.ActiveCfg = Release|Any CPU
		{126E846E-BD93-4174-901B-EBDB8A9902AC}.Release|Any CPU.Build.0 = Release|Any CPU
		{93DB788C-FA0C-452B-829F-DA652B4AA699}.Debug|Any CPU.ActiveCfg = Debug|Any CPU
		{93DB788C-FA0C-452B-829F-DA652B4AA699}.Debug|Any CPU.Build.0 = Debug|Any CPU
		{93DB788C-FA0C-452B-829F-DA652B4AA699}.Release|Any CPU.ActiveCfg = Release|Any CPU
		{93DB788C-FA0C-452B-829F-DA652B4AA699}.Release|Any CPU.Build.0 = Release|Any CPU
		{18C47B9D-5443-4D6E-8CAD-2F3855F172C1}.Debug|Any CPU.ActiveCfg = Debug|Any CPU
		{18C47B9D-5443-4D6E-8CAD-2F3855F172C1}.Debug|Any CPU.Build.0 = Debug|Any CPU
		{18C47B9D-5443-4D6E-8CAD-2F3855F172C1}.Release|Any CPU.ActiveCfg = Release|Any CPU
		{18C47B9D-5443-4D6E-8CAD-2F3855F172C1}.Release|Any CPU.Build.0 = Release|Any CPU
		{F8284EF5-E46F-475B-9249-DB4463A37E22}.Debug|Any CPU.ActiveCfg = Debug|Any CPU
		{F8284EF5-E46F-475B-9249-DB4463A37E22}.Debug|Any CPU.Build.0 = Debug|Any CPU
		{F8284EF5-E46F-475B-9249-DB4463A37E22}.Release|Any CPU.ActiveCfg = Release|Any CPU
		{F8284EF5-E46F-475B-9249-DB4463A37E22}.Release|Any CPU.Build.0 = Release|Any CPU
		{8D410F57-5141-4538-9E95-FE4642F85404}.Debug|Any CPU.ActiveCfg = Debug|Any CPU
		{8D410F57-5141-4538-9E95-FE4642F85404}.Debug|Any CPU.Build.0 = Debug|Any CPU
		{8D410F57-5141-4538-9E95-FE4642F85404}.Release|Any CPU.ActiveCfg = Release|Any CPU
		{8D410F57-5141-4538-9E95-FE4642F85404}.Release|Any CPU.Build.0 = Release|Any CPU
		{8AB5D043-1E37-466E-9288-0B260EDF47A8}.Debug|Any CPU.ActiveCfg = Debug|Any CPU
		{8AB5D043-1E37-466E-9288-0B260EDF47A8}.Debug|Any CPU.Build.0 = Debug|Any CPU
		{8AB5D043-1E37-466E-9288-0B260EDF47A8}.Release|Any CPU.ActiveCfg = Release|Any CPU
		{8AB5D043-1E37-466E-9288-0B260EDF47A8}.Release|Any CPU.Build.0 = Release|Any CPU
		{B3E3FE78-58D2-4B1B-98B8-8554E059D1C0}.Debug|Any CPU.ActiveCfg = Debug|Any CPU
		{B3E3FE78-58D2-4B1B-98B8-8554E059D1C0}.Debug|Any CPU.Build.0 = Debug|Any CPU
		{B3E3FE78-58D2-4B1B-98B8-8554E059D1C0}.Release|Any CPU.ActiveCfg = Release|Any CPU
		{B3E3FE78-58D2-4B1B-98B8-8554E059D1C0}.Release|Any CPU.Build.0 = Release|Any CPU
		{4F7D3303-07CF-4D49-B6BD-73974E2536E2}.Debug|Any CPU.ActiveCfg = Debug|Any CPU
		{4F7D3303-07CF-4D49-B6BD-73974E2536E2}.Debug|Any CPU.Build.0 = Debug|Any CPU
		{4F7D3303-07CF-4D49-B6BD-73974E2536E2}.Release|Any CPU.ActiveCfg = Release|Any CPU
		{4F7D3303-07CF-4D49-B6BD-73974E2536E2}.Release|Any CPU.Build.0 = Release|Any CPU
		{01ADE438-BABE-4DF8-92BC-32CE343102F6}.Debug|Any CPU.ActiveCfg = Debug|Any CPU
		{01ADE438-BABE-4DF8-92BC-32CE343102F6}.Debug|Any CPU.Build.0 = Debug|Any CPU
		{01ADE438-BABE-4DF8-92BC-32CE343102F6}.Release|Any CPU.ActiveCfg = Release|Any CPU
		{01ADE438-BABE-4DF8-92BC-32CE343102F6}.Release|Any CPU.Build.0 = Release|Any CPU
		{3C73E688-3CBA-4758-834F-EAAA25FB7757}.Debug|Any CPU.ActiveCfg = Debug|Any CPU
		{3C73E688-3CBA-4758-834F-EAAA25FB7757}.Debug|Any CPU.Build.0 = Debug|Any CPU
		{3C73E688-3CBA-4758-834F-EAAA25FB7757}.Release|Any CPU.ActiveCfg = Release|Any CPU
		{3C73E688-3CBA-4758-834F-EAAA25FB7757}.Release|Any CPU.Build.0 = Release|Any CPU
		{23724D34-F8A2-4AF5-8883-F177D9DF4A63}.Debug|Any CPU.ActiveCfg = Debug|Any CPU
		{23724D34-F8A2-4AF5-8883-F177D9DF4A63}.Debug|Any CPU.Build.0 = Debug|Any CPU
		{23724D34-F8A2-4AF5-8883-F177D9DF4A63}.Release|Any CPU.ActiveCfg = Release|Any CPU
		{23724D34-F8A2-4AF5-8883-F177D9DF4A63}.Release|Any CPU.Build.0 = Release|Any CPU
		{53881DA2-843C-4E5E-B19D-2F779D35191F}.Debug|Any CPU.ActiveCfg = Debug|Any CPU
		{53881DA2-843C-4E5E-B19D-2F779D35191F}.Debug|Any CPU.Build.0 = Debug|Any CPU
		{53881DA2-843C-4E5E-B19D-2F779D35191F}.Release|Any CPU.ActiveCfg = Release|Any CPU
		{53881DA2-843C-4E5E-B19D-2F779D35191F}.Release|Any CPU.Build.0 = Release|Any CPU
		{666B4DFB-3DDE-490A-B8E6-C6A67D2E5925}.Debug|Any CPU.ActiveCfg = Debug|Any CPU
		{666B4DFB-3DDE-490A-B8E6-C6A67D2E5925}.Debug|Any CPU.Build.0 = Debug|Any CPU
		{666B4DFB-3DDE-490A-B8E6-C6A67D2E5925}.Release|Any CPU.ActiveCfg = Release|Any CPU
		{666B4DFB-3DDE-490A-B8E6-C6A67D2E5925}.Release|Any CPU.Build.0 = Release|Any CPU
		{162987A2-3DED-4B3C-A216-8D763470567F}.Debug|Any CPU.ActiveCfg = Debug|Any CPU
		{162987A2-3DED-4B3C-A216-8D763470567F}.Debug|Any CPU.Build.0 = Debug|Any CPU
		{162987A2-3DED-4B3C-A216-8D763470567F}.Release|Any CPU.ActiveCfg = Release|Any CPU
		{162987A2-3DED-4B3C-A216-8D763470567F}.Release|Any CPU.Build.0 = Release|Any CPU
		{824830F9-3DC0-4331-AD10-83481512960D}.Debug|Any CPU.ActiveCfg = Debug|Any CPU
		{824830F9-3DC0-4331-AD10-83481512960D}.Debug|Any CPU.Build.0 = Debug|Any CPU
		{824830F9-3DC0-4331-AD10-83481512960D}.Release|Any CPU.ActiveCfg = Release|Any CPU
		{824830F9-3DC0-4331-AD10-83481512960D}.Release|Any CPU.Build.0 = Release|Any CPU
		{27AF22BF-DCE4-4894-B050-05D035C3B736}.Debug|Any CPU.ActiveCfg = Debug|Any CPU
		{27AF22BF-DCE4-4894-B050-05D035C3B736}.Debug|Any CPU.Build.0 = Debug|Any CPU
		{27AF22BF-DCE4-4894-B050-05D035C3B736}.Release|Any CPU.ActiveCfg = Release|Any CPU
		{27AF22BF-DCE4-4894-B050-05D035C3B736}.Release|Any CPU.Build.0 = Release|Any CPU
		{F02AD33C-586A-424F-8946-C2A2C09E9619}.Debug|Any CPU.ActiveCfg = Debug|Any CPU
		{F02AD33C-586A-424F-8946-C2A2C09E9619}.Debug|Any CPU.Build.0 = Debug|Any CPU
		{F02AD33C-586A-424F-8946-C2A2C09E9619}.Release|Any CPU.ActiveCfg = Release|Any CPU
		{F02AD33C-586A-424F-8946-C2A2C09E9619}.Release|Any CPU.Build.0 = Release|Any CPU
		{12F4549E-D518-4108-94F8-F1958DF1DBD0}.Debug|Any CPU.ActiveCfg = Debug|Any CPU
		{12F4549E-D518-4108-94F8-F1958DF1DBD0}.Debug|Any CPU.Build.0 = Debug|Any CPU
		{12F4549E-D518-4108-94F8-F1958DF1DBD0}.Release|Any CPU.ActiveCfg = Release|Any CPU
		{12F4549E-D518-4108-94F8-F1958DF1DBD0}.Release|Any CPU.Build.0 = Release|Any CPU
		{E85DF15E-BEEB-4126-80CF-5D9F67F60CF6}.Debug|Any CPU.ActiveCfg = Debug|Any CPU
		{E85DF15E-BEEB-4126-80CF-5D9F67F60CF6}.Debug|Any CPU.Build.0 = Debug|Any CPU
		{E85DF15E-BEEB-4126-80CF-5D9F67F60CF6}.Release|Any CPU.ActiveCfg = Release|Any CPU
		{E85DF15E-BEEB-4126-80CF-5D9F67F60CF6}.Release|Any CPU.Build.0 = Release|Any CPU
		{0149A431-08DB-479F-9DFA-FEDC7AB8F77D}.Debug|Any CPU.ActiveCfg = Debug|Any CPU
		{0149A431-08DB-479F-9DFA-FEDC7AB8F77D}.Debug|Any CPU.Build.0 = Debug|Any CPU
		{0149A431-08DB-479F-9DFA-FEDC7AB8F77D}.Release|Any CPU.ActiveCfg = Release|Any CPU
		{0149A431-08DB-479F-9DFA-FEDC7AB8F77D}.Release|Any CPU.Build.0 = Release|Any CPU
		{C4926EC9-B8AE-437B-AAD0-CA4A0A39BB38}.Debug|Any CPU.ActiveCfg = Debug|Any CPU
		{C4926EC9-B8AE-437B-AAD0-CA4A0A39BB38}.Debug|Any CPU.Build.0 = Debug|Any CPU
		{C4926EC9-B8AE-437B-AAD0-CA4A0A39BB38}.Release|Any CPU.ActiveCfg = Release|Any CPU
		{C4926EC9-B8AE-437B-AAD0-CA4A0A39BB38}.Release|Any CPU.Build.0 = Release|Any CPU
		{0A6640FC-7BF3-417C-8EBE-7F96683F0DA9}.Debug|Any CPU.ActiveCfg = Debug|Any CPU
		{0A6640FC-7BF3-417C-8EBE-7F96683F0DA9}.Debug|Any CPU.Build.0 = Debug|Any CPU
		{0A6640FC-7BF3-417C-8EBE-7F96683F0DA9}.Release|Any CPU.ActiveCfg = Release|Any CPU
		{0A6640FC-7BF3-417C-8EBE-7F96683F0DA9}.Release|Any CPU.Build.0 = Release|Any CPU
		{7DCBE8D1-31E9-473D-889B-ED911A3FAA1B}.Debug|Any CPU.ActiveCfg = Debug|Any CPU
		{7DCBE8D1-31E9-473D-889B-ED911A3FAA1B}.Debug|Any CPU.Build.0 = Debug|Any CPU
		{7DCBE8D1-31E9-473D-889B-ED911A3FAA1B}.Release|Any CPU.ActiveCfg = Release|Any CPU
		{7DCBE8D1-31E9-473D-889B-ED911A3FAA1B}.Release|Any CPU.Build.0 = Release|Any CPU
		{3BB28B53-6E27-4CDF-9C38-8289A1BC1E7B}.Debug|Any CPU.ActiveCfg = Debug|Any CPU
		{3BB28B53-6E27-4CDF-9C38-8289A1BC1E7B}.Debug|Any CPU.Build.0 = Debug|Any CPU
		{3BB28B53-6E27-4CDF-9C38-8289A1BC1E7B}.Release|Any CPU.ActiveCfg = Release|Any CPU
		{3BB28B53-6E27-4CDF-9C38-8289A1BC1E7B}.Release|Any CPU.Build.0 = Release|Any CPU
		{9F2E4CCC-2FCC-42F4-A216-7ABACABDED85}.Debug|Any CPU.ActiveCfg = Debug|Any CPU
		{9F2E4CCC-2FCC-42F4-A216-7ABACABDED85}.Debug|Any CPU.Build.0 = Debug|Any CPU
		{9F2E4CCC-2FCC-42F4-A216-7ABACABDED85}.Release|Any CPU.ActiveCfg = Release|Any CPU
		{9F2E4CCC-2FCC-42F4-A216-7ABACABDED85}.Release|Any CPU.Build.0 = Release|Any CPU
		{E778682E-F796-4F86-90BB-89ABF91A2387}.Debug|Any CPU.ActiveCfg = Debug|Any CPU
		{E778682E-F796-4F86-90BB-89ABF91A2387}.Debug|Any CPU.Build.0 = Debug|Any CPU
		{E778682E-F796-4F86-90BB-89ABF91A2387}.Release|Any CPU.ActiveCfg = Release|Any CPU
		{E778682E-F796-4F86-90BB-89ABF91A2387}.Release|Any CPU.Build.0 = Release|Any CPU
		{25B59C00-54B6-4D55-9454-CBDAE081C93F}.Debug|Any CPU.ActiveCfg = Debug|Any CPU
		{25B59C00-54B6-4D55-9454-CBDAE081C93F}.Debug|Any CPU.Build.0 = Debug|Any CPU
		{25B59C00-54B6-4D55-9454-CBDAE081C93F}.Release|Any CPU.ActiveCfg = Release|Any CPU
		{25B59C00-54B6-4D55-9454-CBDAE081C93F}.Release|Any CPU.Build.0 = Release|Any CPU
		{55C62BCC-785A-42F6-A5E9-7E33378DF824}.Debug|Any CPU.ActiveCfg = Debug|Any CPU
		{55C62BCC-785A-42F6-A5E9-7E33378DF824}.Debug|Any CPU.Build.0 = Debug|Any CPU
		{55C62BCC-785A-42F6-A5E9-7E33378DF824}.Release|Any CPU.ActiveCfg = Release|Any CPU
		{55C62BCC-785A-42F6-A5E9-7E33378DF824}.Release|Any CPU.Build.0 = Release|Any CPU
		{CF6197D1-5D94-4952-84C7-F5BA4C2134DA}.Debug|Any CPU.ActiveCfg = Debug|Any CPU
		{CF6197D1-5D94-4952-84C7-F5BA4C2134DA}.Debug|Any CPU.Build.0 = Debug|Any CPU
		{CF6197D1-5D94-4952-84C7-F5BA4C2134DA}.Release|Any CPU.ActiveCfg = Release|Any CPU
		{CF6197D1-5D94-4952-84C7-F5BA4C2134DA}.Release|Any CPU.Build.0 = Release|Any CPU
		{86AF3EAB-01D1-4DE0-9A40-F1E67B2A91EC}.Debug|Any CPU.ActiveCfg = Debug|Any CPU
		{86AF3EAB-01D1-4DE0-9A40-F1E67B2A91EC}.Debug|Any CPU.Build.0 = Debug|Any CPU
		{86AF3EAB-01D1-4DE0-9A40-F1E67B2A91EC}.Release|Any CPU.ActiveCfg = Release|Any CPU
		{86AF3EAB-01D1-4DE0-9A40-F1E67B2A91EC}.Release|Any CPU.Build.0 = Release|Any CPU
		{84BD07A5-54E9-4A9F-B0D9-99A4213D23E2}.Debug|Any CPU.ActiveCfg = Debug|Any CPU
		{84BD07A5-54E9-4A9F-B0D9-99A4213D23E2}.Debug|Any CPU.Build.0 = Debug|Any CPU
		{84BD07A5-54E9-4A9F-B0D9-99A4213D23E2}.Release|Any CPU.ActiveCfg = Release|Any CPU
		{84BD07A5-54E9-4A9F-B0D9-99A4213D23E2}.Release|Any CPU.Build.0 = Release|Any CPU
		{2D26C091-27CC-43EF-872E-22573968E437}.Debug|Any CPU.ActiveCfg = Debug|Any CPU
		{2D26C091-27CC-43EF-872E-22573968E437}.Debug|Any CPU.Build.0 = Debug|Any CPU
		{2D26C091-27CC-43EF-872E-22573968E437}.Release|Any CPU.ActiveCfg = Release|Any CPU
		{2D26C091-27CC-43EF-872E-22573968E437}.Release|Any CPU.Build.0 = Release|Any CPU
		{C6890FDA-CB76-4BE7-9107-A83EFB2AD8FC}.Debug|Any CPU.ActiveCfg = Debug|Any CPU
		{C6890FDA-CB76-4BE7-9107-A83EFB2AD8FC}.Debug|Any CPU.Build.0 = Debug|Any CPU
		{C6890FDA-CB76-4BE7-9107-A83EFB2AD8FC}.Release|Any CPU.ActiveCfg = Release|Any CPU
		{C6890FDA-CB76-4BE7-9107-A83EFB2AD8FC}.Release|Any CPU.Build.0 = Release|Any CPU
		{DDE97854-0002-42AB-A7C4-F011BEBB1519}.Debug|Any CPU.ActiveCfg = Debug|Any CPU
		{DDE97854-0002-42AB-A7C4-F011BEBB1519}.Debug|Any CPU.Build.0 = Debug|Any CPU
		{DDE97854-0002-42AB-A7C4-F011BEBB1519}.Release|Any CPU.ActiveCfg = Release|Any CPU
		{DDE97854-0002-42AB-A7C4-F011BEBB1519}.Release|Any CPU.Build.0 = Release|Any CPU
		{5C253661-B81D-4CC1-87D0-06DBB075710C}.Debug|Any CPU.ActiveCfg = Debug|Any CPU
		{5C253661-B81D-4CC1-87D0-06DBB075710C}.Debug|Any CPU.Build.0 = Debug|Any CPU
		{5C253661-B81D-4CC1-87D0-06DBB075710C}.Release|Any CPU.ActiveCfg = Release|Any CPU
		{5C253661-B81D-4CC1-87D0-06DBB075710C}.Release|Any CPU.Build.0 = Release|Any CPU
		{C7010208-3BE8-45BD-BBF4-361209946D2B}.Debug|Any CPU.ActiveCfg = Debug|Any CPU
		{C7010208-3BE8-45BD-BBF4-361209946D2B}.Debug|Any CPU.Build.0 = Debug|Any CPU
		{C7010208-3BE8-45BD-BBF4-361209946D2B}.Release|Any CPU.ActiveCfg = Release|Any CPU
		{C7010208-3BE8-45BD-BBF4-361209946D2B}.Release|Any CPU.Build.0 = Release|Any CPU
		{1AB1F011-C9F6-4FF7-BC0F-80C250F40880}.Debug|Any CPU.ActiveCfg = Debug|Any CPU
		{1AB1F011-C9F6-4FF7-BC0F-80C250F40880}.Debug|Any CPU.Build.0 = Debug|Any CPU
		{1AB1F011-C9F6-4FF7-BC0F-80C250F40880}.Release|Any CPU.ActiveCfg = Release|Any CPU
		{1AB1F011-C9F6-4FF7-BC0F-80C250F40880}.Release|Any CPU.Build.0 = Release|Any CPU
		{1E340347-1824-4CC5-A660-657B7267CE12}.Debug|Any CPU.ActiveCfg = Debug|Any CPU
		{1E340347-1824-4CC5-A660-657B7267CE12}.Debug|Any CPU.Build.0 = Debug|Any CPU
		{1E340347-1824-4CC5-A660-657B7267CE12}.Release|Any CPU.ActiveCfg = Release|Any CPU
		{1E340347-1824-4CC5-A660-657B7267CE12}.Release|Any CPU.Build.0 = Release|Any CPU
		{C61C8D81-8B05-4948-B062-13D82EB12AFA}.Debug|Any CPU.ActiveCfg = Debug|Any CPU
		{C61C8D81-8B05-4948-B062-13D82EB12AFA}.Debug|Any CPU.Build.0 = Debug|Any CPU
		{C61C8D81-8B05-4948-B062-13D82EB12AFA}.Release|Any CPU.ActiveCfg = Release|Any CPU
		{C61C8D81-8B05-4948-B062-13D82EB12AFA}.Release|Any CPU.Build.0 = Release|Any CPU
		{0785814D-C52F-45A7-944D-9D612BDDFEE4}.Debug|Any CPU.ActiveCfg = Debug|Any CPU
		{0785814D-C52F-45A7-944D-9D612BDDFEE4}.Debug|Any CPU.Build.0 = Debug|Any CPU
		{0785814D-C52F-45A7-944D-9D612BDDFEE4}.Release|Any CPU.ActiveCfg = Release|Any CPU
		{0785814D-C52F-45A7-944D-9D612BDDFEE4}.Release|Any CPU.Build.0 = Release|Any CPU
		{80A84745-5E2D-4EE8-A185-504A836129AE}.Debug|Any CPU.ActiveCfg = Debug|Any CPU
		{80A84745-5E2D-4EE8-A185-504A836129AE}.Debug|Any CPU.Build.0 = Debug|Any CPU
		{80A84745-5E2D-4EE8-A185-504A836129AE}.Release|Any CPU.ActiveCfg = Release|Any CPU
		{80A84745-5E2D-4EE8-A185-504A836129AE}.Release|Any CPU.Build.0 = Release|Any CPU
		{2A05199C-9FDC-480D-9858-5DB8EAE61EAF}.Debug|Any CPU.ActiveCfg = Debug|Any CPU
		{2A05199C-9FDC-480D-9858-5DB8EAE61EAF}.Debug|Any CPU.Build.0 = Debug|Any CPU
		{2A05199C-9FDC-480D-9858-5DB8EAE61EAF}.Release|Any CPU.ActiveCfg = Release|Any CPU
		{2A05199C-9FDC-480D-9858-5DB8EAE61EAF}.Release|Any CPU.Build.0 = Release|Any CPU
		{966DDE7C-F93B-425C-83AD-4236CB64AE92}.Debug|Any CPU.ActiveCfg = Debug|Any CPU
		{966DDE7C-F93B-425C-83AD-4236CB64AE92}.Debug|Any CPU.Build.0 = Debug|Any CPU
		{966DDE7C-F93B-425C-83AD-4236CB64AE92}.Release|Any CPU.ActiveCfg = Release|Any CPU
		{966DDE7C-F93B-425C-83AD-4236CB64AE92}.Release|Any CPU.Build.0 = Release|Any CPU
		{9069DCF2-E60A-450D-9F39-6DF27F1B3502}.Debug|Any CPU.ActiveCfg = Debug|Any CPU
		{9069DCF2-E60A-450D-9F39-6DF27F1B3502}.Debug|Any CPU.Build.0 = Debug|Any CPU
		{9069DCF2-E60A-450D-9F39-6DF27F1B3502}.Release|Any CPU.ActiveCfg = Release|Any CPU
		{9069DCF2-E60A-450D-9F39-6DF27F1B3502}.Release|Any CPU.Build.0 = Release|Any CPU
		{6BEEDA55-9069-454E-8C5B-31D62D6710E3}.Debug|Any CPU.ActiveCfg = Debug|Any CPU
		{6BEEDA55-9069-454E-8C5B-31D62D6710E3}.Debug|Any CPU.Build.0 = Debug|Any CPU
		{6BEEDA55-9069-454E-8C5B-31D62D6710E3}.Release|Any CPU.ActiveCfg = Release|Any CPU
		{6BEEDA55-9069-454E-8C5B-31D62D6710E3}.Release|Any CPU.Build.0 = Release|Any CPU
		{1CFA34BE-C174-46BE-9DDC-DA91A1918C07}.Debug|Any CPU.ActiveCfg = Debug|Any CPU
		{1CFA34BE-C174-46BE-9DDC-DA91A1918C07}.Debug|Any CPU.Build.0 = Debug|Any CPU
		{1CFA34BE-C174-46BE-9DDC-DA91A1918C07}.Release|Any CPU.ActiveCfg = Release|Any CPU
		{1CFA34BE-C174-46BE-9DDC-DA91A1918C07}.Release|Any CPU.Build.0 = Release|Any CPU
		{8CEDE688-CEF4-4242-8C17-A125DD5A2C77}.Debug|Any CPU.ActiveCfg = Debug|Any CPU
		{8CEDE688-CEF4-4242-8C17-A125DD5A2C77}.Debug|Any CPU.Build.0 = Debug|Any CPU
		{8CEDE688-CEF4-4242-8C17-A125DD5A2C77}.Release|Any CPU.ActiveCfg = Release|Any CPU
		{8CEDE688-CEF4-4242-8C17-A125DD5A2C77}.Release|Any CPU.Build.0 = Release|Any CPU
		{D20A43EB-E2BD-482B-BC1E-9A61B9B514C8}.Debug|Any CPU.ActiveCfg = Debug|Any CPU
		{D20A43EB-E2BD-482B-BC1E-9A61B9B514C8}.Debug|Any CPU.Build.0 = Debug|Any CPU
		{D20A43EB-E2BD-482B-BC1E-9A61B9B514C8}.Release|Any CPU.ActiveCfg = Release|Any CPU
		{D20A43EB-E2BD-482B-BC1E-9A61B9B514C8}.Release|Any CPU.Build.0 = Release|Any CPU
		{A067E48D-B2D3-4AF9-993E-9895A38BB115}.Debug|Any CPU.ActiveCfg = Debug|Any CPU
		{A067E48D-B2D3-4AF9-993E-9895A38BB115}.Debug|Any CPU.Build.0 = Debug|Any CPU
		{A067E48D-B2D3-4AF9-993E-9895A38BB115}.Release|Any CPU.ActiveCfg = Release|Any CPU
		{A067E48D-B2D3-4AF9-993E-9895A38BB115}.Release|Any CPU.Build.0 = Release|Any CPU
		{A939EB46-7DBD-49A4-AF92-B17924BDFAAD}.Debug|Any CPU.ActiveCfg = Debug|Any CPU
		{A939EB46-7DBD-49A4-AF92-B17924BDFAAD}.Debug|Any CPU.Build.0 = Debug|Any CPU
		{A939EB46-7DBD-49A4-AF92-B17924BDFAAD}.Release|Any CPU.ActiveCfg = Release|Any CPU
		{A939EB46-7DBD-49A4-AF92-B17924BDFAAD}.Release|Any CPU.Build.0 = Release|Any CPU
		{15442EE1-E50F-42F7-8DC4-4D8D0F6D1BFB}.Debug|Any CPU.ActiveCfg = Debug|Any CPU
		{15442EE1-E50F-42F7-8DC4-4D8D0F6D1BFB}.Debug|Any CPU.Build.0 = Debug|Any CPU
		{15442EE1-E50F-42F7-8DC4-4D8D0F6D1BFB}.Release|Any CPU.ActiveCfg = Release|Any CPU
		{15442EE1-E50F-42F7-8DC4-4D8D0F6D1BFB}.Release|Any CPU.Build.0 = Release|Any CPU
		{0083B128-7263-41BB-B22B-310157FDA2D9}.Debug|Any CPU.ActiveCfg = Debug|Any CPU
		{0083B128-7263-41BB-B22B-310157FDA2D9}.Debug|Any CPU.Build.0 = Debug|Any CPU
		{0083B128-7263-41BB-B22B-310157FDA2D9}.Release|Any CPU.ActiveCfg = Release|Any CPU
		{0083B128-7263-41BB-B22B-310157FDA2D9}.Release|Any CPU.Build.0 = Release|Any CPU
		{63D0828B-29EE-4E4E-9BA7-6CDA376AE56A}.Debug|Any CPU.ActiveCfg = Debug|Any CPU
		{63D0828B-29EE-4E4E-9BA7-6CDA376AE56A}.Debug|Any CPU.Build.0 = Debug|Any CPU
		{63D0828B-29EE-4E4E-9BA7-6CDA376AE56A}.Release|Any CPU.ActiveCfg = Release|Any CPU
		{63D0828B-29EE-4E4E-9BA7-6CDA376AE56A}.Release|Any CPU.Build.0 = Release|Any CPU
		{F5D7B369-74CD-4C68-BB7B-150CE7E76CA6}.Debug|Any CPU.ActiveCfg = Debug|Any CPU
		{F5D7B369-74CD-4C68-BB7B-150CE7E76CA6}.Debug|Any CPU.Build.0 = Debug|Any CPU
		{F5D7B369-74CD-4C68-BB7B-150CE7E76CA6}.Release|Any CPU.ActiveCfg = Release|Any CPU
		{F5D7B369-74CD-4C68-BB7B-150CE7E76CA6}.Release|Any CPU.Build.0 = Release|Any CPU
		{CB55A7FC-3D72-4112-BB59-6B5DE699C534}.Debug|Any CPU.ActiveCfg = Debug|Any CPU
		{CB55A7FC-3D72-4112-BB59-6B5DE699C534}.Debug|Any CPU.Build.0 = Debug|Any CPU
		{CB55A7FC-3D72-4112-BB59-6B5DE699C534}.Release|Any CPU.ActiveCfg = Release|Any CPU
		{CB55A7FC-3D72-4112-BB59-6B5DE699C534}.Release|Any CPU.Build.0 = Release|Any CPU
		{CABD5E82-D351-4551-9451-54EABD79F225}.Debug|Any CPU.ActiveCfg = Debug|Any CPU
		{CABD5E82-D351-4551-9451-54EABD79F225}.Debug|Any CPU.Build.0 = Debug|Any CPU
		{CABD5E82-D351-4551-9451-54EABD79F225}.Release|Any CPU.ActiveCfg = Release|Any CPU
		{CABD5E82-D351-4551-9451-54EABD79F225}.Release|Any CPU.Build.0 = Release|Any CPU
		{6514E1CA-2C20-4E9E-BDBE-D8B1B2BF9FA5}.Debug|Any CPU.ActiveCfg = Debug|Any CPU
		{6514E1CA-2C20-4E9E-BDBE-D8B1B2BF9FA5}.Debug|Any CPU.Build.0 = Debug|Any CPU
		{6514E1CA-2C20-4E9E-BDBE-D8B1B2BF9FA5}.Release|Any CPU.ActiveCfg = Release|Any CPU
		{6514E1CA-2C20-4E9E-BDBE-D8B1B2BF9FA5}.Release|Any CPU.Build.0 = Release|Any CPU
		{235B5FFF-0C96-401E-BB46-E41B358291C6}.Debug|Any CPU.ActiveCfg = Debug|Any CPU
		{235B5FFF-0C96-401E-BB46-E41B358291C6}.Debug|Any CPU.Build.0 = Debug|Any CPU
		{235B5FFF-0C96-401E-BB46-E41B358291C6}.Release|Any CPU.ActiveCfg = Release|Any CPU
		{235B5FFF-0C96-401E-BB46-E41B358291C6}.Release|Any CPU.Build.0 = Release|Any CPU
	EndGlobalSection
	GlobalSection(NestedProjects) = preSolution
		{126E846E-BD93-4174-901B-EBDB8A9902AC} = {A91DB4E4-0932-4263-9862-03211D20E21D}
		{93DB788C-FA0C-452B-829F-DA652B4AA699} = {A91DB4E4-0932-4263-9862-03211D20E21D}
		{18C47B9D-5443-4D6E-8CAD-2F3855F172C1} = {A91DB4E4-0932-4263-9862-03211D20E21D}
		{F8284EF5-E46F-475B-9249-DB4463A37E22} = {A91DB4E4-0932-4263-9862-03211D20E21D}
		{8D410F57-5141-4538-9E95-FE4642F85404} = {A91DB4E4-0932-4263-9862-03211D20E21D}
		{8AB5D043-1E37-466E-9288-0B260EDF47A8} = {A91DB4E4-0932-4263-9862-03211D20E21D}
		{B3E3FE78-58D2-4B1B-98B8-8554E059D1C0} = {A91DB4E4-0932-4263-9862-03211D20E21D}
		{4F7D3303-07CF-4D49-B6BD-73974E2536E2} = {A91DB4E4-0932-4263-9862-03211D20E21D}
		{01ADE438-BABE-4DF8-92BC-32CE343102F6} = {A91DB4E4-0932-4263-9862-03211D20E21D}
		{3C73E688-3CBA-4758-834F-EAAA25FB7757} = {A91DB4E4-0932-4263-9862-03211D20E21D}
		{23724D34-F8A2-4AF5-8883-F177D9DF4A63} = {A91DB4E4-0932-4263-9862-03211D20E21D}
		{53881DA2-843C-4E5E-B19D-2F779D35191F} = {A91DB4E4-0932-4263-9862-03211D20E21D}
		{666B4DFB-3DDE-490A-B8E6-C6A67D2E5925} = {A91DB4E4-0932-4263-9862-03211D20E21D}
		{162987A2-3DED-4B3C-A216-8D763470567F} = {A91DB4E4-0932-4263-9862-03211D20E21D}
		{824830F9-3DC0-4331-AD10-83481512960D} = {A91DB4E4-0932-4263-9862-03211D20E21D}
		{27AF22BF-DCE4-4894-B050-05D035C3B736} = {A91DB4E4-0932-4263-9862-03211D20E21D}
		{F02AD33C-586A-424F-8946-C2A2C09E9619} = {A91DB4E4-0932-4263-9862-03211D20E21D}
		{12F4549E-D518-4108-94F8-F1958DF1DBD0} = {A91DB4E4-0932-4263-9862-03211D20E21D}
		{E85DF15E-BEEB-4126-80CF-5D9F67F60CF6} = {A91DB4E4-0932-4263-9862-03211D20E21D}
		{0149A431-08DB-479F-9DFA-FEDC7AB8F77D} = {A91DB4E4-0932-4263-9862-03211D20E21D}
		{C4926EC9-B8AE-437B-AAD0-CA4A0A39BB38} = {A91DB4E4-0932-4263-9862-03211D20E21D}
		{0A6640FC-7BF3-417C-8EBE-7F96683F0DA9} = {A91DB4E4-0932-4263-9862-03211D20E21D}
		{7DCBE8D1-31E9-473D-889B-ED911A3FAA1B} = {A91DB4E4-0932-4263-9862-03211D20E21D}
		{3BB28B53-6E27-4CDF-9C38-8289A1BC1E7B} = {A91DB4E4-0932-4263-9862-03211D20E21D}
		{9F2E4CCC-2FCC-42F4-A216-7ABACABDED85} = {A91DB4E4-0932-4263-9862-03211D20E21D}
		{E778682E-F796-4F86-90BB-89ABF91A2387} = {A91DB4E4-0932-4263-9862-03211D20E21D}
		{25B59C00-54B6-4D55-9454-CBDAE081C93F} = {A91DB4E4-0932-4263-9862-03211D20E21D}
		{55C62BCC-785A-42F6-A5E9-7E33378DF824} = {A91DB4E4-0932-4263-9862-03211D20E21D}
		{CF6197D1-5D94-4952-84C7-F5BA4C2134DA} = {A91DB4E4-0932-4263-9862-03211D20E21D}
		{86AF3EAB-01D1-4DE0-9A40-F1E67B2A91EC} = {A91DB4E4-0932-4263-9862-03211D20E21D}
		{84BD07A5-54E9-4A9F-B0D9-99A4213D23E2} = {A91DB4E4-0932-4263-9862-03211D20E21D}
		{2D26C091-27CC-43EF-872E-22573968E437} = {A91DB4E4-0932-4263-9862-03211D20E21D}
		{C6890FDA-CB76-4BE7-9107-A83EFB2AD8FC} = {A91DB4E4-0932-4263-9862-03211D20E21D}
		{DDE97854-0002-42AB-A7C4-F011BEBB1519} = {A91DB4E4-0932-4263-9862-03211D20E21D}
		{5C253661-B81D-4CC1-87D0-06DBB075710C} = {A91DB4E4-0932-4263-9862-03211D20E21D}
		{C7010208-3BE8-45BD-BBF4-361209946D2B} = {A91DB4E4-0932-4263-9862-03211D20E21D}
		{1AB1F011-C9F6-4FF7-BC0F-80C250F40880} = {A91DB4E4-0932-4263-9862-03211D20E21D}
		{1E340347-1824-4CC5-A660-657B7267CE12} = {A91DB4E4-0932-4263-9862-03211D20E21D}
		{C61C8D81-8B05-4948-B062-13D82EB12AFA} = {A91DB4E4-0932-4263-9862-03211D20E21D}
		{0785814D-C52F-45A7-944D-9D612BDDFEE4} = {A91DB4E4-0932-4263-9862-03211D20E21D}
		{80A84745-5E2D-4EE8-A185-504A836129AE} = {A91DB4E4-0932-4263-9862-03211D20E21D}
		{2A05199C-9FDC-480D-9858-5DB8EAE61EAF} = {A91DB4E4-0932-4263-9862-03211D20E21D}
		{966DDE7C-F93B-425C-83AD-4236CB64AE92} = {A91DB4E4-0932-4263-9862-03211D20E21D}
		{9069DCF2-E60A-450D-9F39-6DF27F1B3502} = {A91DB4E4-0932-4263-9862-03211D20E21D}
		{6BEEDA55-9069-454E-8C5B-31D62D6710E3} = {A91DB4E4-0932-4263-9862-03211D20E21D}
		{1CFA34BE-C174-46BE-9DDC-DA91A1918C07} = {A91DB4E4-0932-4263-9862-03211D20E21D}
		{8CEDE688-CEF4-4242-8C17-A125DD5A2C77} = {A91DB4E4-0932-4263-9862-03211D20E21D}
		{D20A43EB-E2BD-482B-BC1E-9A61B9B514C8} = {A91DB4E4-0932-4263-9862-03211D20E21D}
		{A067E48D-B2D3-4AF9-993E-9895A38BB115} = {A91DB4E4-0932-4263-9862-03211D20E21D}
		{A939EB46-7DBD-49A4-AF92-B17924BDFAAD} = {A91DB4E4-0932-4263-9862-03211D20E21D}
		{15442EE1-E50F-42F7-8DC4-4D8D0F6D1BFB} = {A91DB4E4-0932-4263-9862-03211D20E21D}
		{0083B128-7263-41BB-B22B-310157FDA2D9} = {A91DB4E4-0932-4263-9862-03211D20E21D}
		{63D0828B-29EE-4E4E-9BA7-6CDA376AE56A} = {A91DB4E4-0932-4263-9862-03211D20E21D}
		{F5D7B369-74CD-4C68-BB7B-150CE7E76CA6} = {A91DB4E4-0932-4263-9862-03211D20E21D}
		{CB55A7FC-3D72-4112-BB59-6B5DE699C534} = {A91DB4E4-0932-4263-9862-03211D20E21D}
		{CABD5E82-D351-4551-9451-54EABD79F225} = {A91DB4E4-0932-4263-9862-03211D20E21D}
		{6514E1CA-2C20-4E9E-BDBE-D8B1B2BF9FA5} = {A91DB4E4-0932-4263-9862-03211D20E21D}
		{235B5FFF-0C96-401E-BB46-E41B358291C6} = {A91DB4E4-0932-4263-9862-03211D20E21D}
	EndGlobalSection
EndGlobal
